// !$*UTF8*$!
{
	archiveVersion = 1;
	classes = {
	};
	objectVersion = 56;
	objects = {

/* Begin PBXBuildFile section */
		16F67CF91C9FA2C7245DF4DF /* Pods_Squat_Counter.framework in Frameworks */ = {isa = PBXBuildFile; fileRef = 221E69456523D623C561BE3B /* Pods_Squat_Counter.framework */; };
		48BC129B0C2498ECD6175944 /* Pods_Squat_CounterTests.framework in Frameworks */ = {isa = PBXBuildFile; fileRef = 11FEE14567DF7843ADD8707E /* Pods_Squat_CounterTests.framework */; };
		737747983061FBDA2E6C73DC /* Pods_Squat_Counter_Squat_CounterUITests.framework in Frameworks */ = {isa = PBXBuildFile; fileRef = 54248474EB946082289488B7 /* Pods_Squat_Counter_Squat_CounterUITests.framework */; };
		8409C8E92A61BA35009C728B /* UXUtils.swift in Sources */ = {isa = PBXBuildFile; fileRef = 8409C8E82A61BA35009C728B /* UXUtils.swift */; };
		8413B0222A6319040020015D /* RobotoMono-Medium.ttf in Resources */ = {isa = PBXBuildFile; fileRef = 8413B0212A6319040020015D /* RobotoMono-Medium.ttf */; };
		8413B0242A631B070020015D /* CourierPrime-Bold.ttf in Resources */ = {isa = PBXBuildFile; fileRef = 8413B0232A631B070020015D /* CourierPrime-Bold.ttf */; };
		8413B0262A631EF80020015D /* AnnulusView.swift in Sources */ = {isa = PBXBuildFile; fileRef = 8413B0252A631EF80020015D /* AnnulusView.swift */; };
		843CE9A22A82891800E2FDF9 /* StartWorkoutTV.swift in Sources */ = {isa = PBXBuildFile; fileRef = 843CE9A12A82891800E2FDF9 /* StartWorkoutTV.swift */; };
		843CE9A42A828BB000E2FDF9 /* SquatsNC.swift in Sources */ = {isa = PBXBuildFile; fileRef = 843CE9A32A828BB000E2FDF9 /* SquatsNC.swift */; };
		843CE9A62A83FE0900E2FDF9 /* FinishWorkoutTV.swift in Sources */ = {isa = PBXBuildFile; fileRef = 843CE9A52A83FE0900E2FDF9 /* FinishWorkoutTV.swift */; };
		843CE9AA2A85497D00E2FDF9 /* intro-comp.mp4 in Resources */ = {isa = PBXBuildFile; fileRef = 843CE9A92A85497D00E2FDF9 /* intro-comp.mp4 */; };
		843CE9AC2A854A4500E2FDF9 /* IntroductionVideo.swift in Sources */ = {isa = PBXBuildFile; fileRef = 843CE9AB2A854A4500E2FDF9 /* IntroductionVideo.swift */; };
		843CE9AE2A8FCAA700E2FDF9 /* BaseCalendarViewController.swift in Sources */ = {isa = PBXBuildFile; fileRef = 843CE9AD2A8FCAA700E2FDF9 /* BaseCalendarViewController.swift */; };
		843CE9B02A8FCB2400E2FDF9 /* CalendarDisplayVC.swift in Sources */ = {isa = PBXBuildFile; fileRef = 843CE9AF2A8FCB2400E2FDF9 /* CalendarDisplayVC.swift */; };
		8440C01B2A6AEC940068308E /* Realm in Frameworks */ = {isa = PBXBuildFile; productRef = 8440C01A2A6AEC940068308E /* Realm */; };
		8440C01D2A6AEC940068308E /* RealmSwift in Frameworks */ = {isa = PBXBuildFile; productRef = 8440C01C2A6AEC940068308E /* RealmSwift */; };
		8440C0422A6CBBA10068308E /* RealmRep.swift in Sources */ = {isa = PBXBuildFile; fileRef = 8440C0412A6CBBA10068308E /* RealmRep.swift */; };
		8440C0442A6E06180068308E /* Constants.swift in Sources */ = {isa = PBXBuildFile; fileRef = 8440C0432A6E06180068308E /* Constants.swift */; };
		8447B7AE2A65F0B5000C6A59 /* SpeechService.swift in Sources */ = {isa = PBXBuildFile; fileRef = 8447B7AD2A65F0B5000C6A59 /* SpeechService.swift */; };
		8447B7B42A66CAAD000C6A59 /* RestVC.swift in Sources */ = {isa = PBXBuildFile; fileRef = 8447B7B32A66CAAD000C6A59 /* RestVC.swift */; };
		8448B3D92A6830F20086A9FE /* CountdownTimer.swift in Sources */ = {isa = PBXBuildFile; fileRef = 8448B3D82A6830F20086A9FE /* CountdownTimer.swift */; };
		847C895C2A71FB0800261156 /* DaySummaryVC.swift in Sources */ = {isa = PBXBuildFile; fileRef = 847C895B2A71FB0800261156 /* DaySummaryVC.swift */; };
		8480B15D2A74B1DF002ED2FE /* WorkoutDetailVC.swift in Sources */ = {isa = PBXBuildFile; fileRef = 8480B15C2A74B1DF002ED2FE /* WorkoutDetailVC.swift */; };
		8483CDCC2A6033A90018D5DB /* Exercise.swift in Sources */ = {isa = PBXBuildFile; fileRef = 8483CDCB2A6033A90018D5DB /* Exercise.swift */; };
		8483CDCF2A6033C00018D5DB /* Squat.swift in Sources */ = {isa = PBXBuildFile; fileRef = 8483CDCE2A6033C00018D5DB /* Squat.swift */; };
		8483CDD12A6038830018D5DB /* Metric.swift in Sources */ = {isa = PBXBuildFile; fileRef = 8483CDD02A6038830018D5DB /* Metric.swift */; };
		8483CDD32A60490E0018D5DB /* PoseClassifier.swift in Sources */ = {isa = PBXBuildFile; fileRef = 8483CDD22A60490E0018D5DB /* PoseClassifier.swift */; };
		8483CDD52A6050D60018D5DB /* Stopwatch.swift in Sources */ = {isa = PBXBuildFile; fileRef = 8483CDD42A6050D60018D5DB /* Stopwatch.swift */; };
		8483CDD72A6053370018D5DB /* Workout.swift in Sources */ = {isa = PBXBuildFile; fileRef = 8483CDD62A6053370018D5DB /* Workout.swift */; };
		8483CDD92A6055400018D5DB /* Rep.swift in Sources */ = {isa = PBXBuildFile; fileRef = 8483CDD82A6055400018D5DB /* Rep.swift */; };
		848DCE812A62F1A400EFBCCD /* GradientOverlayView.swift in Sources */ = {isa = PBXBuildFile; fileRef = 848DCE802A62F1A400EFBCCD /* GradientOverlayView.swift */; };
		849123622A5C67050040E9E9 /* FeatureEmbedder.swift in Sources */ = {isa = PBXBuildFile; fileRef = 849123612A5C67050040E9E9 /* FeatureEmbedder.swift */; };
		849123652A5C6E8F0040E9E9 /* GeometricFunctions.swift in Sources */ = {isa = PBXBuildFile; fileRef = 849123642A5C6E8F0040E9E9 /* GeometricFunctions.swift */; };
		849903BD2A6F2F990086A9FB /* RealmSet.swift in Sources */ = {isa = PBXBuildFile; fileRef = 849903BC2A6F2F990086A9FB /* RealmSet.swift */; };
		849903BF2A6F2FA50086A9FB /* RealmWorkout.swift in Sources */ = {isa = PBXBuildFile; fileRef = 849903BE2A6F2FA50086A9FB /* RealmWorkout.swift */; };
		849903C32A705BBE0086A9FB /* RepTableCell.swift in Sources */ = {isa = PBXBuildFile; fileRef = 849903C12A705BBE0086A9FB /* RepTableCell.swift */; };
		849903C42A705BBE0086A9FB /* RepTableCell.xib in Resources */ = {isa = PBXBuildFile; fileRef = 849903C22A705BBE0086A9FB /* RepTableCell.xib */; };
		849903C62A706F2D0086A9FB /* CalendarVC.swift in Sources */ = {isa = PBXBuildFile; fileRef = 849903C52A706F2D0086A9FB /* CalendarVC.swift */; };
		849C2C812A59C85A00FD039B /* AppDelegate.swift in Sources */ = {isa = PBXBuildFile; fileRef = 849C2C802A59C85A00FD039B /* AppDelegate.swift */; };
		849C2C832A59C85A00FD039B /* SceneDelegate.swift in Sources */ = {isa = PBXBuildFile; fileRef = 849C2C822A59C85A00FD039B /* SceneDelegate.swift */; };
		849C2C852A59C85A00FD039B /* SquatVC.swift in Sources */ = {isa = PBXBuildFile; fileRef = 849C2C842A59C85A00FD039B /* SquatVC.swift */; };
		849C2C882A59C85A00FD039B /* Main.storyboard in Resources */ = {isa = PBXBuildFile; fileRef = 849C2C862A59C85A00FD039B /* Main.storyboard */; };
		849C2C8A2A59C85B00FD039B /* Assets.xcassets in Resources */ = {isa = PBXBuildFile; fileRef = 849C2C892A59C85B00FD039B /* Assets.xcassets */; };
		849C2C8D2A59C85B00FD039B /* LaunchScreen.storyboard in Resources */ = {isa = PBXBuildFile; fileRef = 849C2C8B2A59C85B00FD039B /* LaunchScreen.storyboard */; };
		849C2C982A59C85B00FD039B /* Squat_CounterTests.swift in Sources */ = {isa = PBXBuildFile; fileRef = 849C2C972A59C85B00FD039B /* Squat_CounterTests.swift */; };
		849C2CA22A59C85B00FD039B /* Squat_CounterUITests.swift in Sources */ = {isa = PBXBuildFile; fileRef = 849C2CA12A59C85B00FD039B /* Squat_CounterUITests.swift */; };
		849C2CA42A59C85B00FD039B /* Squat_CounterUITestsLaunchTests.swift in Sources */ = {isa = PBXBuildFile; fileRef = 849C2CA32A59C85B00FD039B /* Squat_CounterUITestsLaunchTests.swift */; };
		84B03E082A7C14E600A7428A /* EditWorkoutVC.swift in Sources */ = {isa = PBXBuildFile; fileRef = 84B03E072A7C14E600A7428A /* EditWorkoutVC.swift */; };
		84C405BA2A5B300D0054FFF0 /* UIUtilities.swift in Sources */ = {isa = PBXBuildFile; fileRef = 84C405B92A5B300D0054FFF0 /* UIUtilities.swift */; };
		84C405BC2A5B32D30054FFF0 /* MLKitExtensions.swift in Sources */ = {isa = PBXBuildFile; fileRef = 84C405BB2A5B32D30054FFF0 /* MLKitExtensions.swift */; };
		84E7B35E2A7161C000A77DD7 /* HorizonCalendar in Frameworks */ = {isa = PBXBuildFile; productRef = 84E7B35D2A7161C000A77DD7 /* HorizonCalendar */; };
		84E7B3602A717C2A00A77DD7 /* DayLabel.swift in Sources */ = {isa = PBXBuildFile; fileRef = 84E7B35F2A717C2A00A77DD7 /* DayLabel.swift */; };
/* End PBXBuildFile section */

/* Begin PBXContainerItemProxy section */
		849C2C942A59C85B00FD039B /* PBXContainerItemProxy */ = {
			isa = PBXContainerItemProxy;
			containerPortal = 849C2C752A59C85A00FD039B /* Project object */;
			proxyType = 1;
			remoteGlobalIDString = 849C2C7C2A59C85A00FD039B;
			remoteInfo = "Squat Counter";
		};
		849C2C9E2A59C85B00FD039B /* PBXContainerItemProxy */ = {
			isa = PBXContainerItemProxy;
			containerPortal = 849C2C752A59C85A00FD039B /* Project object */;
			proxyType = 1;
			remoteGlobalIDString = 849C2C7C2A59C85A00FD039B;
			remoteInfo = "Squat Counter";
		};
/* End PBXContainerItemProxy section */

/* Begin PBXFileReference section */
		11FEE14567DF7843ADD8707E /* Pods_Squat_CounterTests.framework */ = {isa = PBXFileReference; explicitFileType = wrapper.framework; includeInIndex = 0; path = Pods_Squat_CounterTests.framework; sourceTree = BUILT_PRODUCTS_DIR; };
		221E69456523D623C561BE3B /* Pods_Squat_Counter.framework */ = {isa = PBXFileReference; explicitFileType = wrapper.framework; includeInIndex = 0; path = Pods_Squat_Counter.framework; sourceTree = BUILT_PRODUCTS_DIR; };
		2818F1E23ABEB9F06EBC88F9 /* Pods-Squat CounterTests.release.xcconfig */ = {isa = PBXFileReference; includeInIndex = 1; lastKnownFileType = text.xcconfig; name = "Pods-Squat CounterTests.release.xcconfig"; path = "Target Support Files/Pods-Squat CounterTests/Pods-Squat CounterTests.release.xcconfig"; sourceTree = "<group>"; };
		441FAE469B5C3BE722297DB7 /* Pods-Squat CounterTests.debug.xcconfig */ = {isa = PBXFileReference; includeInIndex = 1; lastKnownFileType = text.xcconfig; name = "Pods-Squat CounterTests.debug.xcconfig"; path = "Target Support Files/Pods-Squat CounterTests/Pods-Squat CounterTests.debug.xcconfig"; sourceTree = "<group>"; };
		54248474EB946082289488B7 /* Pods_Squat_Counter_Squat_CounterUITests.framework */ = {isa = PBXFileReference; explicitFileType = wrapper.framework; includeInIndex = 0; path = Pods_Squat_Counter_Squat_CounterUITests.framework; sourceTree = BUILT_PRODUCTS_DIR; };
		5CCEF2E6DCBF1F2490D1F4FA /* Pods-Squat Counter-Squat CounterUITests.release.xcconfig */ = {isa = PBXFileReference; includeInIndex = 1; lastKnownFileType = text.xcconfig; name = "Pods-Squat Counter-Squat CounterUITests.release.xcconfig"; path = "Target Support Files/Pods-Squat Counter-Squat CounterUITests/Pods-Squat Counter-Squat CounterUITests.release.xcconfig"; sourceTree = "<group>"; };
		8409C8E82A61BA35009C728B /* UXUtils.swift */ = {isa = PBXFileReference; lastKnownFileType = sourcecode.swift; path = UXUtils.swift; sourceTree = "<group>"; };
		8413B0212A6319040020015D /* RobotoMono-Medium.ttf */ = {isa = PBXFileReference; lastKnownFileType = file; path = "RobotoMono-Medium.ttf"; sourceTree = "<group>"; };
		8413B0232A631B070020015D /* CourierPrime-Bold.ttf */ = {isa = PBXFileReference; lastKnownFileType = file; path = "CourierPrime-Bold.ttf"; sourceTree = "<group>"; };
		8413B0252A631EF80020015D /* AnnulusView.swift */ = {isa = PBXFileReference; lastKnownFileType = sourcecode.swift; path = AnnulusView.swift; sourceTree = "<group>"; };
		843CE9A12A82891800E2FDF9 /* StartWorkoutTV.swift */ = {isa = PBXFileReference; lastKnownFileType = sourcecode.swift; path = StartWorkoutTV.swift; sourceTree = "<group>"; };
		843CE9A32A828BB000E2FDF9 /* SquatsNC.swift */ = {isa = PBXFileReference; lastKnownFileType = sourcecode.swift; path = SquatsNC.swift; sourceTree = "<group>"; };
		843CE9A52A83FE0900E2FDF9 /* FinishWorkoutTV.swift */ = {isa = PBXFileReference; lastKnownFileType = sourcecode.swift; path = FinishWorkoutTV.swift; sourceTree = "<group>"; };
		843CE9A92A85497D00E2FDF9 /* intro-comp.mp4 */ = {isa = PBXFileReference; lastKnownFileType = file; path = "intro-comp.mp4"; sourceTree = "<group>"; };
		843CE9AB2A854A4500E2FDF9 /* IntroductionVideo.swift */ = {isa = PBXFileReference; lastKnownFileType = sourcecode.swift; path = IntroductionVideo.swift; sourceTree = "<group>"; };
		843CE9AD2A8FCAA700E2FDF9 /* BaseCalendarViewController.swift */ = {isa = PBXFileReference; lastKnownFileType = sourcecode.swift; path = BaseCalendarViewController.swift; sourceTree = "<group>"; };
		843CE9AF2A8FCB2400E2FDF9 /* CalendarDisplayVC.swift */ = {isa = PBXFileReference; lastKnownFileType = sourcecode.swift; path = CalendarDisplayVC.swift; sourceTree = "<group>"; };
		8440C0412A6CBBA10068308E /* RealmRep.swift */ = {isa = PBXFileReference; lastKnownFileType = sourcecode.swift; path = RealmRep.swift; sourceTree = "<group>"; };
		8440C0432A6E06180068308E /* Constants.swift */ = {isa = PBXFileReference; lastKnownFileType = sourcecode.swift; path = Constants.swift; sourceTree = "<group>"; };
		8447B7AD2A65F0B5000C6A59 /* SpeechService.swift */ = {isa = PBXFileReference; lastKnownFileType = sourcecode.swift; path = SpeechService.swift; sourceTree = "<group>"; };
		8447B7B32A66CAAD000C6A59 /* RestVC.swift */ = {isa = PBXFileReference; lastKnownFileType = sourcecode.swift; path = RestVC.swift; sourceTree = "<group>"; };
		8448B3D82A6830F20086A9FE /* CountdownTimer.swift */ = {isa = PBXFileReference; lastKnownFileType = sourcecode.swift; path = CountdownTimer.swift; sourceTree = "<group>"; };
		847C895B2A71FB0800261156 /* DaySummaryVC.swift */ = {isa = PBXFileReference; lastKnownFileType = sourcecode.swift; path = DaySummaryVC.swift; sourceTree = "<group>"; };
		8480B15C2A74B1DF002ED2FE /* WorkoutDetailVC.swift */ = {isa = PBXFileReference; lastKnownFileType = sourcecode.swift; path = WorkoutDetailVC.swift; sourceTree = "<group>"; };
		8483CDCB2A6033A90018D5DB /* Exercise.swift */ = {isa = PBXFileReference; lastKnownFileType = sourcecode.swift; path = Exercise.swift; sourceTree = "<group>"; };
		8483CDCE2A6033C00018D5DB /* Squat.swift */ = {isa = PBXFileReference; lastKnownFileType = sourcecode.swift; path = Squat.swift; sourceTree = "<group>"; };
		8483CDD02A6038830018D5DB /* Metric.swift */ = {isa = PBXFileReference; lastKnownFileType = sourcecode.swift; path = Metric.swift; sourceTree = "<group>"; };
		8483CDD22A60490E0018D5DB /* PoseClassifier.swift */ = {isa = PBXFileReference; lastKnownFileType = sourcecode.swift; path = PoseClassifier.swift; sourceTree = "<group>"; };
		8483CDD42A6050D60018D5DB /* Stopwatch.swift */ = {isa = PBXFileReference; lastKnownFileType = sourcecode.swift; path = Stopwatch.swift; sourceTree = "<group>"; };
		8483CDD62A6053370018D5DB /* Workout.swift */ = {isa = PBXFileReference; lastKnownFileType = sourcecode.swift; path = Workout.swift; sourceTree = "<group>"; };
		8483CDD82A6055400018D5DB /* Rep.swift */ = {isa = PBXFileReference; lastKnownFileType = sourcecode.swift; path = Rep.swift; sourceTree = "<group>"; };
		848DCE802A62F1A400EFBCCD /* GradientOverlayView.swift */ = {isa = PBXFileReference; lastKnownFileType = sourcecode.swift; path = GradientOverlayView.swift; sourceTree = "<group>"; };
		849123612A5C67050040E9E9 /* FeatureEmbedder.swift */ = {isa = PBXFileReference; lastKnownFileType = sourcecode.swift; path = FeatureEmbedder.swift; sourceTree = "<group>"; };
		849123642A5C6E8F0040E9E9 /* GeometricFunctions.swift */ = {isa = PBXFileReference; lastKnownFileType = sourcecode.swift; path = GeometricFunctions.swift; sourceTree = "<group>"; };
		849903BC2A6F2F990086A9FB /* RealmSet.swift */ = {isa = PBXFileReference; lastKnownFileType = sourcecode.swift; path = RealmSet.swift; sourceTree = "<group>"; };
		849903BE2A6F2FA50086A9FB /* RealmWorkout.swift */ = {isa = PBXFileReference; lastKnownFileType = sourcecode.swift; path = RealmWorkout.swift; sourceTree = "<group>"; };
		849903C12A705BBE0086A9FB /* RepTableCell.swift */ = {isa = PBXFileReference; lastKnownFileType = sourcecode.swift; path = RepTableCell.swift; sourceTree = "<group>"; };
		849903C22A705BBE0086A9FB /* RepTableCell.xib */ = {isa = PBXFileReference; lastKnownFileType = file.xib; path = RepTableCell.xib; sourceTree = "<group>"; };
		849903C52A706F2D0086A9FB /* CalendarVC.swift */ = {isa = PBXFileReference; lastKnownFileType = sourcecode.swift; path = CalendarVC.swift; sourceTree = "<group>"; };
		849C2C7D2A59C85A00FD039B /* Squat Counter.app */ = {isa = PBXFileReference; explicitFileType = wrapper.application; includeInIndex = 0; path = "Squat Counter.app"; sourceTree = BUILT_PRODUCTS_DIR; };
		849C2C802A59C85A00FD039B /* AppDelegate.swift */ = {isa = PBXFileReference; lastKnownFileType = sourcecode.swift; path = AppDelegate.swift; sourceTree = "<group>"; };
		849C2C822A59C85A00FD039B /* SceneDelegate.swift */ = {isa = PBXFileReference; lastKnownFileType = sourcecode.swift; path = SceneDelegate.swift; sourceTree = "<group>"; };
		849C2C842A59C85A00FD039B /* SquatVC.swift */ = {isa = PBXFileReference; lastKnownFileType = sourcecode.swift; path = SquatVC.swift; sourceTree = "<group>"; };
		849C2C872A59C85A00FD039B /* Base */ = {isa = PBXFileReference; lastKnownFileType = file.storyboard; name = Base; path = Base.lproj/Main.storyboard; sourceTree = "<group>"; };
		849C2C892A59C85B00FD039B /* Assets.xcassets */ = {isa = PBXFileReference; lastKnownFileType = folder.assetcatalog; path = Assets.xcassets; sourceTree = "<group>"; };
		849C2C8C2A59C85B00FD039B /* Base */ = {isa = PBXFileReference; lastKnownFileType = file.storyboard; name = Base; path = Base.lproj/LaunchScreen.storyboard; sourceTree = "<group>"; };
		849C2C8E2A59C85B00FD039B /* Info.plist */ = {isa = PBXFileReference; lastKnownFileType = text.plist.xml; path = Info.plist; sourceTree = "<group>"; };
		849C2C932A59C85B00FD039B /* Squat CounterTests.xctest */ = {isa = PBXFileReference; explicitFileType = wrapper.cfbundle; includeInIndex = 0; path = "Squat CounterTests.xctest"; sourceTree = BUILT_PRODUCTS_DIR; };
		849C2C972A59C85B00FD039B /* Squat_CounterTests.swift */ = {isa = PBXFileReference; lastKnownFileType = sourcecode.swift; path = Squat_CounterTests.swift; sourceTree = "<group>"; };
		849C2C9D2A59C85B00FD039B /* Squat CounterUITests.xctest */ = {isa = PBXFileReference; explicitFileType = wrapper.cfbundle; includeInIndex = 0; path = "Squat CounterUITests.xctest"; sourceTree = BUILT_PRODUCTS_DIR; };
		849C2CA12A59C85B00FD039B /* Squat_CounterUITests.swift */ = {isa = PBXFileReference; lastKnownFileType = sourcecode.swift; path = Squat_CounterUITests.swift; sourceTree = "<group>"; };
		849C2CA32A59C85B00FD039B /* Squat_CounterUITestsLaunchTests.swift */ = {isa = PBXFileReference; lastKnownFileType = sourcecode.swift; path = Squat_CounterUITestsLaunchTests.swift; sourceTree = "<group>"; };
		84B03E072A7C14E600A7428A /* EditWorkoutVC.swift */ = {isa = PBXFileReference; lastKnownFileType = sourcecode.swift; path = EditWorkoutVC.swift; sourceTree = "<group>"; };
		84C405B92A5B300D0054FFF0 /* UIUtilities.swift */ = {isa = PBXFileReference; fileEncoding = 4; lastKnownFileType = sourcecode.swift; path = UIUtilities.swift; sourceTree = "<group>"; };
		84C405BB2A5B32D30054FFF0 /* MLKitExtensions.swift */ = {isa = PBXFileReference; fileEncoding = 4; lastKnownFileType = sourcecode.swift; path = MLKitExtensions.swift; sourceTree = "<group>"; };
		84E7B35F2A717C2A00A77DD7 /* DayLabel.swift */ = {isa = PBXFileReference; lastKnownFileType = sourcecode.swift; path = DayLabel.swift; sourceTree = "<group>"; };
		B50B3A79C320DEE6F253645D /* Pods-Squat Counter.debug.xcconfig */ = {isa = PBXFileReference; includeInIndex = 1; lastKnownFileType = text.xcconfig; name = "Pods-Squat Counter.debug.xcconfig"; path = "Target Support Files/Pods-Squat Counter/Pods-Squat Counter.debug.xcconfig"; sourceTree = "<group>"; };
		B5F73FB7F2449A9F92F985EB /* Pods-Squat Counter.release.xcconfig */ = {isa = PBXFileReference; includeInIndex = 1; lastKnownFileType = text.xcconfig; name = "Pods-Squat Counter.release.xcconfig"; path = "Target Support Files/Pods-Squat Counter/Pods-Squat Counter.release.xcconfig"; sourceTree = "<group>"; };
		DA79B76FB48C026C05005549 /* Pods-Squat Counter-Squat CounterUITests.debug.xcconfig */ = {isa = PBXFileReference; includeInIndex = 1; lastKnownFileType = text.xcconfig; name = "Pods-Squat Counter-Squat CounterUITests.debug.xcconfig"; path = "Target Support Files/Pods-Squat Counter-Squat CounterUITests/Pods-Squat Counter-Squat CounterUITests.debug.xcconfig"; sourceTree = "<group>"; };
/* End PBXFileReference section */

/* Begin PBXFrameworksBuildPhase section */
		849C2C7A2A59C85A00FD039B /* Frameworks */ = {
			isa = PBXFrameworksBuildPhase;
			buildActionMask = 2147483647;
			files = (
				8440C01D2A6AEC940068308E /* RealmSwift in Frameworks */,
				8440C01B2A6AEC940068308E /* Realm in Frameworks */,
				84E7B35E2A7161C000A77DD7 /* HorizonCalendar in Frameworks */,
				16F67CF91C9FA2C7245DF4DF /* Pods_Squat_Counter.framework in Frameworks */,
			);
			runOnlyForDeploymentPostprocessing = 0;
		};
		849C2C902A59C85B00FD039B /* Frameworks */ = {
			isa = PBXFrameworksBuildPhase;
			buildActionMask = 2147483647;
			files = (
				48BC129B0C2498ECD6175944 /* Pods_Squat_CounterTests.framework in Frameworks */,
			);
			runOnlyForDeploymentPostprocessing = 0;
		};
		849C2C9A2A59C85B00FD039B /* Frameworks */ = {
			isa = PBXFrameworksBuildPhase;
			buildActionMask = 2147483647;
			files = (
				737747983061FBDA2E6C73DC /* Pods_Squat_Counter_Squat_CounterUITests.framework in Frameworks */,
			);
			runOnlyForDeploymentPostprocessing = 0;
		};
/* End PBXFrameworksBuildPhase section */

/* Begin PBXGroup section */
		22B3FA624396CD4BD068721D /* Frameworks */ = {
			isa = PBXGroup;
			children = (
				221E69456523D623C561BE3B /* Pods_Squat_Counter.framework */,
				54248474EB946082289488B7 /* Pods_Squat_Counter_Squat_CounterUITests.framework */,
				11FEE14567DF7843ADD8707E /* Pods_Squat_CounterTests.framework */,
			);
			name = Frameworks;
			sourceTree = "<group>";
		};
		8413B0202A6318CE0020015D /* Fonts */ = {
			isa = PBXGroup;
			children = (
				8413B0232A631B070020015D /* CourierPrime-Bold.ttf */,
				8413B0212A6319040020015D /* RobotoMono-Medium.ttf */,
			);
			path = Fonts;
			sourceTree = "<group>";
		};
		8483CDCD2A6033AF0018D5DB /* Exercises */ = {
			isa = PBXGroup;
			children = (
				8483CDD42A6050D60018D5DB /* Stopwatch.swift */,
				8483CDCB2A6033A90018D5DB /* Exercise.swift */,
				8483CDCE2A6033C00018D5DB /* Squat.swift */,
				8483CDD22A60490E0018D5DB /* PoseClassifier.swift */,
				8483CDD62A6053370018D5DB /* Workout.swift */,
			);
			path = Exercises;
			sourceTree = "<group>";
		};
		848DCE822A62F1C100EFBCCD /* UI */ = {
			isa = PBXGroup;
			children = (
				848DCE802A62F1A400EFBCCD /* GradientOverlayView.swift */,
				8413B0252A631EF80020015D /* AnnulusView.swift */,
				8448B3D82A6830F20086A9FE /* CountdownTimer.swift */,
				84E7B35F2A717C2A00A77DD7 /* DayLabel.swift */,
			);
			path = UI;
			sourceTree = "<group>";
		};
		8491235E2A5C5E560040E9E9 /* Controllers */ = {
			isa = PBXGroup;
			children = (
				849C2C842A59C85A00FD039B /* SquatVC.swift */,
				8447B7B32A66CAAD000C6A59 /* RestVC.swift */,
				849903C52A706F2D0086A9FB /* CalendarVC.swift */,
				847C895B2A71FB0800261156 /* DaySummaryVC.swift */,
				8480B15C2A74B1DF002ED2FE /* WorkoutDetailVC.swift */,
				84B03E072A7C14E600A7428A /* EditWorkoutVC.swift */,
				843CE9A12A82891800E2FDF9 /* StartWorkoutTV.swift */,
				843CE9A32A828BB000E2FDF9 /* SquatsNC.swift */,
				843CE9A52A83FE0900E2FDF9 /* FinishWorkoutTV.swift */,
				843CE9AB2A854A4500E2FDF9 /* IntroductionVideo.swift */,
				843CE9AD2A8FCAA700E2FDF9 /* BaseCalendarViewController.swift */,
				843CE9AF2A8FCB2400E2FDF9 /* CalendarDisplayVC.swift */,
			);
			path = Controllers;
			sourceTree = "<group>";
		};
		8491235F2A5C5E740040E9E9 /* Extensions */ = {
			isa = PBXGroup;
			children = (
				84C405BB2A5B32D30054FFF0 /* MLKitExtensions.swift */,
			);
			path = Extensions;
			sourceTree = "<group>";
		};
		849123602A5C5E890040E9E9 /* Utilities */ = {
			isa = PBXGroup;
			children = (
				84C405B92A5B300D0054FFF0 /* UIUtilities.swift */,
				849123642A5C6E8F0040E9E9 /* GeometricFunctions.swift */,
				8409C8E82A61BA35009C728B /* UXUtils.swift */,
				8447B7AD2A65F0B5000C6A59 /* SpeechService.swift */,
			);
			path = Utilities;
			sourceTree = "<group>";
		};
		849123632A5C670C0040E9E9 /* Models */ = {
			isa = PBXGroup;
			children = (
				849123612A5C67050040E9E9 /* FeatureEmbedder.swift */,
				8483CDD02A6038830018D5DB /* Metric.swift */,
				8483CDD82A6055400018D5DB /* Rep.swift */,
				8440C0412A6CBBA10068308E /* RealmRep.swift */,
				849903BC2A6F2F990086A9FB /* RealmSet.swift */,
				849903BE2A6F2FA50086A9FB /* RealmWorkout.swift */,
			);
			path = Models;
			sourceTree = "<group>";
		};
		849903C02A705B580086A9FB /* Views */ = {
			isa = PBXGroup;
			children = (
				849C2C862A59C85A00FD039B /* Main.storyboard */,
				849C2C8B2A59C85B00FD039B /* LaunchScreen.storyboard */,
				849903C12A705BBE0086A9FB /* RepTableCell.swift */,
				849903C22A705BBE0086A9FB /* RepTableCell.xib */,
			);
			path = Views;
			sourceTree = "<group>";
		};
		849C2C742A59C85A00FD039B = {
			isa = PBXGroup;
			children = (
				849C2C7F2A59C85A00FD039B /* Squat Counter */,
				849C2C962A59C85B00FD039B /* Squat CounterTests */,
				849C2CA02A59C85B00FD039B /* Squat CounterUITests */,
				849C2C7E2A59C85A00FD039B /* Products */,
				8800FF29E90DC5F15F324592 /* Pods */,
				22B3FA624396CD4BD068721D /* Frameworks */,
			);
			sourceTree = "<group>";
		};
		849C2C7E2A59C85A00FD039B /* Products */ = {
			isa = PBXGroup;
			children = (
				849C2C7D2A59C85A00FD039B /* Squat Counter.app */,
				849C2C932A59C85B00FD039B /* Squat CounterTests.xctest */,
				849C2C9D2A59C85B00FD039B /* Squat CounterUITests.xctest */,
			);
			name = Products;
			sourceTree = "<group>";
		};
		849C2C7F2A59C85A00FD039B /* Squat Counter */ = {
			isa = PBXGroup;
			children = (
				843CE9A92A85497D00E2FDF9 /* intro-comp.mp4 */,
				849903C02A705B580086A9FB /* Views */,
				8413B0202A6318CE0020015D /* Fonts */,
				849C2C802A59C85A00FD039B /* AppDelegate.swift */,
				849C2C892A59C85B00FD039B /* Assets.xcassets */,
				849C2C8E2A59C85B00FD039B /* Info.plist */,
				849C2C822A59C85A00FD039B /* SceneDelegate.swift */,
				8440C0432A6E06180068308E /* Constants.swift */,
				8491235E2A5C5E560040E9E9 /* Controllers */,
				849123602A5C5E890040E9E9 /* Utilities */,
				8491235F2A5C5E740040E9E9 /* Extensions */,
				849123632A5C670C0040E9E9 /* Models */,
				8483CDCD2A6033AF0018D5DB /* Exercises */,
				848DCE822A62F1C100EFBCCD /* UI */,
			);
			path = "Squat Counter";
			sourceTree = "<group>";
		};
		849C2C962A59C85B00FD039B /* Squat CounterTests */ = {
			isa = PBXGroup;
			children = (
				849C2C972A59C85B00FD039B /* Squat_CounterTests.swift */,
			);
			path = "Squat CounterTests";
			sourceTree = "<group>";
		};
		849C2CA02A59C85B00FD039B /* Squat CounterUITests */ = {
			isa = PBXGroup;
			children = (
				849C2CA12A59C85B00FD039B /* Squat_CounterUITests.swift */,
				849C2CA32A59C85B00FD039B /* Squat_CounterUITestsLaunchTests.swift */,
			);
			path = "Squat CounterUITests";
			sourceTree = "<group>";
		};
		8800FF29E90DC5F15F324592 /* Pods */ = {
			isa = PBXGroup;
			children = (
				B50B3A79C320DEE6F253645D /* Pods-Squat Counter.debug.xcconfig */,
				B5F73FB7F2449A9F92F985EB /* Pods-Squat Counter.release.xcconfig */,
				DA79B76FB48C026C05005549 /* Pods-Squat Counter-Squat CounterUITests.debug.xcconfig */,
				5CCEF2E6DCBF1F2490D1F4FA /* Pods-Squat Counter-Squat CounterUITests.release.xcconfig */,
				441FAE469B5C3BE722297DB7 /* Pods-Squat CounterTests.debug.xcconfig */,
				2818F1E23ABEB9F06EBC88F9 /* Pods-Squat CounterTests.release.xcconfig */,
			);
			path = Pods;
			sourceTree = "<group>";
		};
/* End PBXGroup section */

/* Begin PBXNativeTarget section */
		849C2C7C2A59C85A00FD039B /* Squat Counter */ = {
			isa = PBXNativeTarget;
			buildConfigurationList = 849C2CA72A59C85B00FD039B /* Build configuration list for PBXNativeTarget "Squat Counter" */;
			buildPhases = (
				162DA5C339E88D4BDFD2EE7F /* [CP] Check Pods Manifest.lock */,
				849C2C792A59C85A00FD039B /* Sources */,
				849C2C7A2A59C85A00FD039B /* Frameworks */,
				849C2C7B2A59C85A00FD039B /* Resources */,
				3417D49349ADBA71D268A768 /* [CP] Embed Pods Frameworks */,
				5446B078CC7F2E56B3161437 /* [CP] Copy Pods Resources */,
			);
			buildRules = (
			);
			dependencies = (
			);
			name = "Squat Counter";
			packageProductDependencies = (
				8440C01A2A6AEC940068308E /* Realm */,
				8440C01C2A6AEC940068308E /* RealmSwift */,
				84E7B35D2A7161C000A77DD7 /* HorizonCalendar */,
			);
			productName = "Squat Counter";
			productReference = 849C2C7D2A59C85A00FD039B /* Squat Counter.app */;
			productType = "com.apple.product-type.application";
		};
		849C2C922A59C85B00FD039B /* Squat CounterTests */ = {
			isa = PBXNativeTarget;
			buildConfigurationList = 849C2CAA2A59C85B00FD039B /* Build configuration list for PBXNativeTarget "Squat CounterTests" */;
			buildPhases = (
				79A81EF46B9B21B83D0DEAA5 /* [CP] Check Pods Manifest.lock */,
				849C2C8F2A59C85B00FD039B /* Sources */,
				849C2C902A59C85B00FD039B /* Frameworks */,
				849C2C912A59C85B00FD039B /* Resources */,
			);
			buildRules = (
			);
			dependencies = (
				849C2C952A59C85B00FD039B /* PBXTargetDependency */,
			);
			name = "Squat CounterTests";
			productName = "Squat CounterTests";
			productReference = 849C2C932A59C85B00FD039B /* Squat CounterTests.xctest */;
			productType = "com.apple.product-type.bundle.unit-test";
		};
		849C2C9C2A59C85B00FD039B /* Squat CounterUITests */ = {
			isa = PBXNativeTarget;
			buildConfigurationList = 849C2CAD2A59C85B00FD039B /* Build configuration list for PBXNativeTarget "Squat CounterUITests" */;
			buildPhases = (
				71C76964396815DC0C1B9CD5 /* [CP] Check Pods Manifest.lock */,
				849C2C992A59C85B00FD039B /* Sources */,
				849C2C9A2A59C85B00FD039B /* Frameworks */,
				849C2C9B2A59C85B00FD039B /* Resources */,
				5E7892B3914A7FC984B8143C /* [CP] Embed Pods Frameworks */,
				4511091594DC7F8CD0F8EA54 /* [CP] Copy Pods Resources */,
			);
			buildRules = (
			);
			dependencies = (
				849C2C9F2A59C85B00FD039B /* PBXTargetDependency */,
			);
			name = "Squat CounterUITests";
			productName = "Squat CounterUITests";
			productReference = 849C2C9D2A59C85B00FD039B /* Squat CounterUITests.xctest */;
			productType = "com.apple.product-type.bundle.ui-testing";
		};
/* End PBXNativeTarget section */

/* Begin PBXProject section */
		849C2C752A59C85A00FD039B /* Project object */ = {
			isa = PBXProject;
			attributes = {
				BuildIndependentTargetsInParallel = 1;
				LastSwiftUpdateCheck = 1420;
				LastUpgradeCheck = 1420;
				TargetAttributes = {
					849C2C7C2A59C85A00FD039B = {
						CreatedOnToolsVersion = 14.2;
					};
					849C2C922A59C85B00FD039B = {
						CreatedOnToolsVersion = 14.2;
						TestTargetID = 849C2C7C2A59C85A00FD039B;
					};
					849C2C9C2A59C85B00FD039B = {
						CreatedOnToolsVersion = 14.2;
						TestTargetID = 849C2C7C2A59C85A00FD039B;
					};
				};
			};
			buildConfigurationList = 849C2C782A59C85A00FD039B /* Build configuration list for PBXProject "Squat Counter" */;
			compatibilityVersion = "Xcode 14.0";
			developmentRegion = en;
			hasScannedForEncodings = 0;
			knownRegions = (
				en,
				Base,
			);
			mainGroup = 849C2C742A59C85A00FD039B;
			packageReferences = (
				8440C0192A6AEC940068308E /* XCRemoteSwiftPackageReference "realm-swift" */,
				84E7B35C2A7161C000A77DD7 /* XCRemoteSwiftPackageReference "HorizonCalendar" */,
			);
			productRefGroup = 849C2C7E2A59C85A00FD039B /* Products */;
			projectDirPath = "";
			projectRoot = "";
			targets = (
				849C2C7C2A59C85A00FD039B /* Squat Counter */,
				849C2C922A59C85B00FD039B /* Squat CounterTests */,
				849C2C9C2A59C85B00FD039B /* Squat CounterUITests */,
			);
		};
/* End PBXProject section */

/* Begin PBXResourcesBuildPhase section */
		849C2C7B2A59C85A00FD039B /* Resources */ = {
			isa = PBXResourcesBuildPhase;
			buildActionMask = 2147483647;
			files = (
				843CE9AA2A85497D00E2FDF9 /* intro-comp.mp4 in Resources */,
				849C2C8D2A59C85B00FD039B /* LaunchScreen.storyboard in Resources */,
				8413B0222A6319040020015D /* RobotoMono-Medium.ttf in Resources */,
				849903C42A705BBE0086A9FB /* RepTableCell.xib in Resources */,
				849C2C8A2A59C85B00FD039B /* Assets.xcassets in Resources */,
				849C2C882A59C85A00FD039B /* Main.storyboard in Resources */,
				8413B0242A631B070020015D /* CourierPrime-Bold.ttf in Resources */,
			);
			runOnlyForDeploymentPostprocessing = 0;
		};
		849C2C912A59C85B00FD039B /* Resources */ = {
			isa = PBXResourcesBuildPhase;
			buildActionMask = 2147483647;
			files = (
			);
			runOnlyForDeploymentPostprocessing = 0;
		};
		849C2C9B2A59C85B00FD039B /* Resources */ = {
			isa = PBXResourcesBuildPhase;
			buildActionMask = 2147483647;
			files = (
			);
			runOnlyForDeploymentPostprocessing = 0;
		};
/* End PBXResourcesBuildPhase section */

/* Begin PBXShellScriptBuildPhase section */
		162DA5C339E88D4BDFD2EE7F /* [CP] Check Pods Manifest.lock */ = {
			isa = PBXShellScriptBuildPhase;
			buildActionMask = 2147483647;
			files = (
			);
			inputFileListPaths = (
			);
			inputPaths = (
				"${PODS_PODFILE_DIR_PATH}/Podfile.lock",
				"${PODS_ROOT}/Manifest.lock",
			);
			name = "[CP] Check Pods Manifest.lock";
			outputFileListPaths = (
			);
			outputPaths = (
				"$(DERIVED_FILE_DIR)/Pods-Squat Counter-checkManifestLockResult.txt",
			);
			runOnlyForDeploymentPostprocessing = 0;
			shellPath = /bin/sh;
			shellScript = "diff \"${PODS_PODFILE_DIR_PATH}/Podfile.lock\" \"${PODS_ROOT}/Manifest.lock\" > /dev/null\nif [ $? != 0 ] ; then\n    # print error to STDERR\n    echo \"error: The sandbox is not in sync with the Podfile.lock. Run 'pod install' or update your CocoaPods installation.\" >&2\n    exit 1\nfi\n# This output is used by Xcode 'outputs' to avoid re-running this script phase.\necho \"SUCCESS\" > \"${SCRIPT_OUTPUT_FILE_0}\"\n";
			showEnvVarsInLog = 0;
		};
		3417D49349ADBA71D268A768 /* [CP] Embed Pods Frameworks */ = {
			isa = PBXShellScriptBuildPhase;
			buildActionMask = 2147483647;
			files = (
			);
			inputFileListPaths = (
				"${PODS_ROOT}/Target Support Files/Pods-Squat Counter/Pods-Squat Counter-frameworks-${CONFIGURATION}-input-files.xcfilelist",
			);
			name = "[CP] Embed Pods Frameworks";
			outputFileListPaths = (
				"${PODS_ROOT}/Target Support Files/Pods-Squat Counter/Pods-Squat Counter-frameworks-${CONFIGURATION}-output-files.xcfilelist",
			);
			runOnlyForDeploymentPostprocessing = 0;
			shellPath = /bin/sh;
			shellScript = "\"${PODS_ROOT}/Target Support Files/Pods-Squat Counter/Pods-Squat Counter-frameworks.sh\"\n";
			showEnvVarsInLog = 0;
		};
		4511091594DC7F8CD0F8EA54 /* [CP] Copy Pods Resources */ = {
			isa = PBXShellScriptBuildPhase;
			buildActionMask = 2147483647;
			files = (
			);
			inputFileListPaths = (
				"${PODS_ROOT}/Target Support Files/Pods-Squat Counter-Squat CounterUITests/Pods-Squat Counter-Squat CounterUITests-resources-${CONFIGURATION}-input-files.xcfilelist",
			);
			name = "[CP] Copy Pods Resources";
			outputFileListPaths = (
				"${PODS_ROOT}/Target Support Files/Pods-Squat Counter-Squat CounterUITests/Pods-Squat Counter-Squat CounterUITests-resources-${CONFIGURATION}-output-files.xcfilelist",
			);
			runOnlyForDeploymentPostprocessing = 0;
			shellPath = /bin/sh;
			shellScript = "\"${PODS_ROOT}/Target Support Files/Pods-Squat Counter-Squat CounterUITests/Pods-Squat Counter-Squat CounterUITests-resources.sh\"\n";
			showEnvVarsInLog = 0;
		};
		5446B078CC7F2E56B3161437 /* [CP] Copy Pods Resources */ = {
			isa = PBXShellScriptBuildPhase;
			buildActionMask = 2147483647;
			files = (
			);
			inputFileListPaths = (
				"${PODS_ROOT}/Target Support Files/Pods-Squat Counter/Pods-Squat Counter-resources-${CONFIGURATION}-input-files.xcfilelist",
			);
			name = "[CP] Copy Pods Resources";
			outputFileListPaths = (
				"${PODS_ROOT}/Target Support Files/Pods-Squat Counter/Pods-Squat Counter-resources-${CONFIGURATION}-output-files.xcfilelist",
			);
			runOnlyForDeploymentPostprocessing = 0;
			shellPath = /bin/sh;
			shellScript = "\"${PODS_ROOT}/Target Support Files/Pods-Squat Counter/Pods-Squat Counter-resources.sh\"\n";
			showEnvVarsInLog = 0;
		};
		5E7892B3914A7FC984B8143C /* [CP] Embed Pods Frameworks */ = {
			isa = PBXShellScriptBuildPhase;
			buildActionMask = 2147483647;
			files = (
			);
			inputFileListPaths = (
				"${PODS_ROOT}/Target Support Files/Pods-Squat Counter-Squat CounterUITests/Pods-Squat Counter-Squat CounterUITests-frameworks-${CONFIGURATION}-input-files.xcfilelist",
			);
			name = "[CP] Embed Pods Frameworks";
			outputFileListPaths = (
				"${PODS_ROOT}/Target Support Files/Pods-Squat Counter-Squat CounterUITests/Pods-Squat Counter-Squat CounterUITests-frameworks-${CONFIGURATION}-output-files.xcfilelist",
			);
			runOnlyForDeploymentPostprocessing = 0;
			shellPath = /bin/sh;
			shellScript = "\"${PODS_ROOT}/Target Support Files/Pods-Squat Counter-Squat CounterUITests/Pods-Squat Counter-Squat CounterUITests-frameworks.sh\"\n";
			showEnvVarsInLog = 0;
		};
		71C76964396815DC0C1B9CD5 /* [CP] Check Pods Manifest.lock */ = {
			isa = PBXShellScriptBuildPhase;
			buildActionMask = 2147483647;
			files = (
			);
			inputFileListPaths = (
			);
			inputPaths = (
				"${PODS_PODFILE_DIR_PATH}/Podfile.lock",
				"${PODS_ROOT}/Manifest.lock",
			);
			name = "[CP] Check Pods Manifest.lock";
			outputFileListPaths = (
			);
			outputPaths = (
				"$(DERIVED_FILE_DIR)/Pods-Squat Counter-Squat CounterUITests-checkManifestLockResult.txt",
			);
			runOnlyForDeploymentPostprocessing = 0;
			shellPath = /bin/sh;
			shellScript = "diff \"${PODS_PODFILE_DIR_PATH}/Podfile.lock\" \"${PODS_ROOT}/Manifest.lock\" > /dev/null\nif [ $? != 0 ] ; then\n    # print error to STDERR\n    echo \"error: The sandbox is not in sync with the Podfile.lock. Run 'pod install' or update your CocoaPods installation.\" >&2\n    exit 1\nfi\n# This output is used by Xcode 'outputs' to avoid re-running this script phase.\necho \"SUCCESS\" > \"${SCRIPT_OUTPUT_FILE_0}\"\n";
			showEnvVarsInLog = 0;
		};
		79A81EF46B9B21B83D0DEAA5 /* [CP] Check Pods Manifest.lock */ = {
			isa = PBXShellScriptBuildPhase;
			buildActionMask = 2147483647;
			files = (
			);
			inputFileListPaths = (
			);
			inputPaths = (
				"${PODS_PODFILE_DIR_PATH}/Podfile.lock",
				"${PODS_ROOT}/Manifest.lock",
			);
			name = "[CP] Check Pods Manifest.lock";
			outputFileListPaths = (
			);
			outputPaths = (
				"$(DERIVED_FILE_DIR)/Pods-Squat CounterTests-checkManifestLockResult.txt",
			);
			runOnlyForDeploymentPostprocessing = 0;
			shellPath = /bin/sh;
			shellScript = "diff \"${PODS_PODFILE_DIR_PATH}/Podfile.lock\" \"${PODS_ROOT}/Manifest.lock\" > /dev/null\nif [ $? != 0 ] ; then\n    # print error to STDERR\n    echo \"error: The sandbox is not in sync with the Podfile.lock. Run 'pod install' or update your CocoaPods installation.\" >&2\n    exit 1\nfi\n# This output is used by Xcode 'outputs' to avoid re-running this script phase.\necho \"SUCCESS\" > \"${SCRIPT_OUTPUT_FILE_0}\"\n";
			showEnvVarsInLog = 0;
		};
/* End PBXShellScriptBuildPhase section */

/* Begin PBXSourcesBuildPhase section */
		849C2C792A59C85A00FD039B /* Sources */ = {
			isa = PBXSourcesBuildPhase;
			buildActionMask = 2147483647;
			files = (
				849C2C852A59C85A00FD039B /* SquatVC.swift in Sources */,
				849903BF2A6F2FA50086A9FB /* RealmWorkout.swift in Sources */,
				8480B15D2A74B1DF002ED2FE /* WorkoutDetailVC.swift in Sources */,
				8440C0442A6E06180068308E /* Constants.swift in Sources */,
				8483CDCC2A6033A90018D5DB /* Exercise.swift in Sources */,
				847C895C2A71FB0800261156 /* DaySummaryVC.swift in Sources */,
				8483CDCF2A6033C00018D5DB /* Squat.swift in Sources */,
				843CE9B02A8FCB2400E2FDF9 /* CalendarDisplayVC.swift in Sources */,
				849903C62A706F2D0086A9FB /* CalendarVC.swift in Sources */,
				84B03E082A7C14E600A7428A /* EditWorkoutVC.swift in Sources */,
				8483CDD72A6053370018D5DB /* Workout.swift in Sources */,
				8409C8E92A61BA35009C728B /* UXUtils.swift in Sources */,
				8448B3D92A6830F20086A9FE /* CountdownTimer.swift in Sources */,
				843CE9A22A82891800E2FDF9 /* StartWorkoutTV.swift in Sources */,
				8440C0422A6CBBA10068308E /* RealmRep.swift in Sources */,
				843CE9A42A828BB000E2FDF9 /* SquatsNC.swift in Sources */,
				8447B7AE2A65F0B5000C6A59 /* SpeechService.swift in Sources */,
				849903BD2A6F2F990086A9FB /* RealmSet.swift in Sources */,
				849C2C812A59C85A00FD039B /* AppDelegate.swift in Sources */,
				843CE9AC2A854A4500E2FDF9 /* IntroductionVideo.swift in Sources */,
				849123622A5C67050040E9E9 /* FeatureEmbedder.swift in Sources */,
				84C405BA2A5B300D0054FFF0 /* UIUtilities.swift in Sources */,
				84C405BC2A5B32D30054FFF0 /* MLKitExtensions.swift in Sources */,
				8483CDD52A6050D60018D5DB /* Stopwatch.swift in Sources */,
				8483CDD92A6055400018D5DB /* Rep.swift in Sources */,
				849903C32A705BBE0086A9FB /* RepTableCell.swift in Sources */,
				8483CDD12A6038830018D5DB /* Metric.swift in Sources */,
				849123652A5C6E8F0040E9E9 /* GeometricFunctions.swift in Sources */,
				8447B7B42A66CAAD000C6A59 /* RestVC.swift in Sources */,
				843CE9A62A83FE0900E2FDF9 /* FinishWorkoutTV.swift in Sources */,
				84E7B3602A717C2A00A77DD7 /* DayLabel.swift in Sources */,
				849C2C832A59C85A00FD039B /* SceneDelegate.swift in Sources */,
				8413B0262A631EF80020015D /* AnnulusView.swift in Sources */,
				8483CDD32A60490E0018D5DB /* PoseClassifier.swift in Sources */,
				843CE9AE2A8FCAA700E2FDF9 /* BaseCalendarViewController.swift in Sources */,
				848DCE812A62F1A400EFBCCD /* GradientOverlayView.swift in Sources */,
			);
			runOnlyForDeploymentPostprocessing = 0;
		};
		849C2C8F2A59C85B00FD039B /* Sources */ = {
			isa = PBXSourcesBuildPhase;
			buildActionMask = 2147483647;
			files = (
				849C2C982A59C85B00FD039B /* Squat_CounterTests.swift in Sources */,
			);
			runOnlyForDeploymentPostprocessing = 0;
		};
		849C2C992A59C85B00FD039B /* Sources */ = {
			isa = PBXSourcesBuildPhase;
			buildActionMask = 2147483647;
			files = (
				849C2CA42A59C85B00FD039B /* Squat_CounterUITestsLaunchTests.swift in Sources */,
				849C2CA22A59C85B00FD039B /* Squat_CounterUITests.swift in Sources */,
			);
			runOnlyForDeploymentPostprocessing = 0;
		};
/* End PBXSourcesBuildPhase section */

/* Begin PBXTargetDependency section */
		849C2C952A59C85B00FD039B /* PBXTargetDependency */ = {
			isa = PBXTargetDependency;
			target = 849C2C7C2A59C85A00FD039B /* Squat Counter */;
			targetProxy = 849C2C942A59C85B00FD039B /* PBXContainerItemProxy */;
		};
		849C2C9F2A59C85B00FD039B /* PBXTargetDependency */ = {
			isa = PBXTargetDependency;
			target = 849C2C7C2A59C85A00FD039B /* Squat Counter */;
			targetProxy = 849C2C9E2A59C85B00FD039B /* PBXContainerItemProxy */;
		};
/* End PBXTargetDependency section */

/* Begin PBXVariantGroup section */
		849C2C862A59C85A00FD039B /* Main.storyboard */ = {
			isa = PBXVariantGroup;
			children = (
				849C2C872A59C85A00FD039B /* Base */,
			);
			name = Main.storyboard;
			sourceTree = "<group>";
		};
		849C2C8B2A59C85B00FD039B /* LaunchScreen.storyboard */ = {
			isa = PBXVariantGroup;
			children = (
				849C2C8C2A59C85B00FD039B /* Base */,
			);
			name = LaunchScreen.storyboard;
			sourceTree = "<group>";
		};
/* End PBXVariantGroup section */

/* Begin XCBuildConfiguration section */
		849C2CA52A59C85B00FD039B /* Debug */ = {
			isa = XCBuildConfiguration;
			buildSettings = {
				ALWAYS_SEARCH_USER_PATHS = NO;
				CLANG_ANALYZER_NONNULL = YES;
				CLANG_ANALYZER_NUMBER_OBJECT_CONVERSION = YES_AGGRESSIVE;
				CLANG_CXX_LANGUAGE_STANDARD = "gnu++20";
				CLANG_ENABLE_MODULES = YES;
				CLANG_ENABLE_OBJC_ARC = YES;
				CLANG_ENABLE_OBJC_WEAK = YES;
				CLANG_WARN_BLOCK_CAPTURE_AUTORELEASING = YES;
				CLANG_WARN_BOOL_CONVERSION = YES;
				CLANG_WARN_COMMA = YES;
				CLANG_WARN_CONSTANT_CONVERSION = YES;
				CLANG_WARN_DEPRECATED_OBJC_IMPLEMENTATIONS = YES;
				CLANG_WARN_DIRECT_OBJC_ISA_USAGE = YES_ERROR;
				CLANG_WARN_DOCUMENTATION_COMMENTS = YES;
				CLANG_WARN_EMPTY_BODY = YES;
				CLANG_WARN_ENUM_CONVERSION = YES;
				CLANG_WARN_INFINITE_RECURSION = YES;
				CLANG_WARN_INT_CONVERSION = YES;
				CLANG_WARN_NON_LITERAL_NULL_CONVERSION = YES;
				CLANG_WARN_OBJC_IMPLICIT_RETAIN_SELF = YES;
				CLANG_WARN_OBJC_LITERAL_CONVERSION = YES;
				CLANG_WARN_OBJC_ROOT_CLASS = YES_ERROR;
				CLANG_WARN_QUOTED_INCLUDE_IN_FRAMEWORK_HEADER = YES;
				CLANG_WARN_RANGE_LOOP_ANALYSIS = YES;
				CLANG_WARN_STRICT_PROTOTYPES = YES;
				CLANG_WARN_SUSPICIOUS_MOVE = YES;
				CLANG_WARN_UNGUARDED_AVAILABILITY = YES_AGGRESSIVE;
				CLANG_WARN_UNREACHABLE_CODE = YES;
				CLANG_WARN__DUPLICATE_METHOD_MATCH = YES;
				COPY_PHASE_STRIP = NO;
				DEBUG_INFORMATION_FORMAT = dwarf;
				ENABLE_STRICT_OBJC_MSGSEND = YES;
				ENABLE_TESTABILITY = YES;
				GCC_C_LANGUAGE_STANDARD = gnu11;
				GCC_DYNAMIC_NO_PIC = NO;
				GCC_NO_COMMON_BLOCKS = YES;
				GCC_OPTIMIZATION_LEVEL = 0;
				GCC_PREPROCESSOR_DEFINITIONS = (
					"DEBUG=1",
					"$(inherited)",
				);
				GCC_WARN_64_TO_32_BIT_CONVERSION = YES;
				GCC_WARN_ABOUT_RETURN_TYPE = YES_ERROR;
				GCC_WARN_UNDECLARED_SELECTOR = YES;
				GCC_WARN_UNINITIALIZED_AUTOS = YES_AGGRESSIVE;
				GCC_WARN_UNUSED_FUNCTION = YES;
				GCC_WARN_UNUSED_VARIABLE = YES;
				IPHONEOS_DEPLOYMENT_TARGET = 16.2;
				MTL_ENABLE_DEBUG_INFO = INCLUDE_SOURCE;
				MTL_FAST_MATH = YES;
				ONLY_ACTIVE_ARCH = NO;
				SDKROOT = iphoneos;
				SWIFT_ACTIVE_COMPILATION_CONDITIONS = DEBUG;
				SWIFT_OPTIMIZATION_LEVEL = "-Onone";
			};
			name = Debug;
		};
		849C2CA62A59C85B00FD039B /* Release */ = {
			isa = XCBuildConfiguration;
			buildSettings = {
				ALWAYS_SEARCH_USER_PATHS = NO;
				CLANG_ANALYZER_NONNULL = YES;
				CLANG_ANALYZER_NUMBER_OBJECT_CONVERSION = YES_AGGRESSIVE;
				CLANG_CXX_LANGUAGE_STANDARD = "gnu++20";
				CLANG_ENABLE_MODULES = YES;
				CLANG_ENABLE_OBJC_ARC = YES;
				CLANG_ENABLE_OBJC_WEAK = YES;
				CLANG_WARN_BLOCK_CAPTURE_AUTORELEASING = YES;
				CLANG_WARN_BOOL_CONVERSION = YES;
				CLANG_WARN_COMMA = YES;
				CLANG_WARN_CONSTANT_CONVERSION = YES;
				CLANG_WARN_DEPRECATED_OBJC_IMPLEMENTATIONS = YES;
				CLANG_WARN_DIRECT_OBJC_ISA_USAGE = YES_ERROR;
				CLANG_WARN_DOCUMENTATION_COMMENTS = YES;
				CLANG_WARN_EMPTY_BODY = YES;
				CLANG_WARN_ENUM_CONVERSION = YES;
				CLANG_WARN_INFINITE_RECURSION = YES;
				CLANG_WARN_INT_CONVERSION = YES;
				CLANG_WARN_NON_LITERAL_NULL_CONVERSION = YES;
				CLANG_WARN_OBJC_IMPLICIT_RETAIN_SELF = YES;
				CLANG_WARN_OBJC_LITERAL_CONVERSION = YES;
				CLANG_WARN_OBJC_ROOT_CLASS = YES_ERROR;
				CLANG_WARN_QUOTED_INCLUDE_IN_FRAMEWORK_HEADER = YES;
				CLANG_WARN_RANGE_LOOP_ANALYSIS = YES;
				CLANG_WARN_STRICT_PROTOTYPES = YES;
				CLANG_WARN_SUSPICIOUS_MOVE = YES;
				CLANG_WARN_UNGUARDED_AVAILABILITY = YES_AGGRESSIVE;
				CLANG_WARN_UNREACHABLE_CODE = YES;
				CLANG_WARN__DUPLICATE_METHOD_MATCH = YES;
				COPY_PHASE_STRIP = NO;
				DEBUG_INFORMATION_FORMAT = "dwarf-with-dsym";
				ENABLE_NS_ASSERTIONS = NO;
				ENABLE_STRICT_OBJC_MSGSEND = YES;
				GCC_C_LANGUAGE_STANDARD = gnu11;
				GCC_NO_COMMON_BLOCKS = YES;
				GCC_WARN_64_TO_32_BIT_CONVERSION = YES;
				GCC_WARN_ABOUT_RETURN_TYPE = YES_ERROR;
				GCC_WARN_UNDECLARED_SELECTOR = YES;
				GCC_WARN_UNINITIALIZED_AUTOS = YES_AGGRESSIVE;
				GCC_WARN_UNUSED_FUNCTION = YES;
				GCC_WARN_UNUSED_VARIABLE = YES;
				IPHONEOS_DEPLOYMENT_TARGET = 16.2;
				MTL_ENABLE_DEBUG_INFO = NO;
				MTL_FAST_MATH = YES;
				SDKROOT = iphoneos;
				SWIFT_COMPILATION_MODE = wholemodule;
				SWIFT_OPTIMIZATION_LEVEL = "-O";
				VALIDATE_PRODUCT = YES;
			};
			name = Release;
		};
		849C2CA82A59C85B00FD039B /* Debug */ = {
			isa = XCBuildConfiguration;
			baseConfigurationReference = B50B3A79C320DEE6F253645D /* Pods-Squat Counter.debug.xcconfig */;
			buildSettings = {
				ALWAYS_EMBED_SWIFT_STANDARD_LIBRARIES = "$(inherited)";
				ARCHS = "$(ARCHS_STANDARD)";
				ASSETCATALOG_COMPILER_APPICON_NAME = AppIcon;
				ASSETCATALOG_COMPILER_GLOBAL_ACCENT_COLOR_NAME = AccentColor;
				CODE_SIGN_STYLE = Automatic;
				CURRENT_PROJECT_VERSION = 1;
				DEVELOPMENT_TEAM = B8JM9B93DS;
				"EXCLUDED_ARCHS[sdk=iphonesimulator*]" = "";
				GENERATE_INFOPLIST_FILE = YES;
				INFOPLIST_FILE = "Squat Counter/Info.plist";
				INFOPLIST_KEY_UIApplicationSupportsIndirectInputEvents = YES;
				INFOPLIST_KEY_UILaunchStoryboardName = LaunchScreen;
				INFOPLIST_KEY_UIMainStoryboardFile = Main;
				INFOPLIST_KEY_UIRequiresFullScreen = YES;
				INFOPLIST_KEY_UISupportedInterfaceOrientations = UIInterfaceOrientationPortrait;
				IPHONEOS_DEPLOYMENT_TARGET = 16.0;
				LD_RUNPATH_SEARCH_PATHS = (
					"$(inherited)",
					"@executable_path/Frameworks",
				);
				MARKETING_VERSION = 0.1.0;
				ONLY_ACTIVE_ARCH = NO;
				PRODUCT_BUNDLE_IDENTIFIER = "com.evrisevr.Squat-Counter";
				PRODUCT_NAME = "$(TARGET_NAME)";
				SUPPORTED_PLATFORMS = "iphoneos iphonesimulator";
				SUPPORTS_MACCATALYST = NO;
				SUPPORTS_MAC_DESIGNED_FOR_IPHONE_IPAD = NO;
				SWIFT_EMIT_LOC_STRINGS = YES;
				SWIFT_VERSION = 5.0;
				TARGETED_DEVICE_FAMILY = "1,2";
			};
			name = Debug;
		};
		849C2CA92A59C85B00FD039B /* Release */ = {
			isa = XCBuildConfiguration;
			baseConfigurationReference = B5F73FB7F2449A9F92F985EB /* Pods-Squat Counter.release.xcconfig */;
			buildSettings = {
				ALWAYS_EMBED_SWIFT_STANDARD_LIBRARIES = "$(inherited)";
				ARCHS = "$(ARCHS_STANDARD)";
				ASSETCATALOG_COMPILER_APPICON_NAME = AppIcon;
				ASSETCATALOG_COMPILER_GLOBAL_ACCENT_COLOR_NAME = AccentColor;
				CODE_SIGN_STYLE = Automatic;
				CURRENT_PROJECT_VERSION = 1;
				DEVELOPMENT_TEAM = B8JM9B93DS;
				"EXCLUDED_ARCHS[sdk=iphonesimulator*]" = "";
				GENERATE_INFOPLIST_FILE = YES;
				INFOPLIST_FILE = "Squat Counter/Info.plist";
				INFOPLIST_KEY_UIApplicationSupportsIndirectInputEvents = YES;
				INFOPLIST_KEY_UILaunchStoryboardName = LaunchScreen;
				INFOPLIST_KEY_UIMainStoryboardFile = Main;
				INFOPLIST_KEY_UIRequiresFullScreen = YES;
				INFOPLIST_KEY_UISupportedInterfaceOrientations = UIInterfaceOrientationPortrait;
				IPHONEOS_DEPLOYMENT_TARGET = 16.0;
				LD_RUNPATH_SEARCH_PATHS = (
					"$(inherited)",
					"@executable_path/Frameworks",
				);
				MARKETING_VERSION = 0.1.0;
				ONLY_ACTIVE_ARCH = NO;
				PRODUCT_BUNDLE_IDENTIFIER = "com.evrisevr.Squat-Counter";
				PRODUCT_NAME = "$(TARGET_NAME)";
				SUPPORTED_PLATFORMS = "iphoneos iphonesimulator";
				SUPPORTS_MACCATALYST = NO;
				SUPPORTS_MAC_DESIGNED_FOR_IPHONE_IPAD = NO;
				SWIFT_EMIT_LOC_STRINGS = YES;
				SWIFT_VERSION = 5.0;
				TARGETED_DEVICE_FAMILY = "1,2";
			};
			name = Release;
		};
		849C2CAB2A59C85B00FD039B /* Debug */ = {
			isa = XCBuildConfiguration;
			baseConfigurationReference = 441FAE469B5C3BE722297DB7 /* Pods-Squat CounterTests.debug.xcconfig */;
			buildSettings = {
				ALWAYS_EMBED_SWIFT_STANDARD_LIBRARIES = YES;
				BUNDLE_LOADER = "$(TEST_HOST)";
				CODE_SIGN_STYLE = Automatic;
				CURRENT_PROJECT_VERSION = 1;
				DEVELOPMENT_TEAM = B8JM9B93DS;
				"EXCLUDED_ARCHS[sdk=iphonesimulator*]" = "";
				GENERATE_INFOPLIST_FILE = YES;
				IPHONEOS_DEPLOYMENT_TARGET = 16.2;
				MARKETING_VERSION = 1.0;
				ONLY_ACTIVE_ARCH = NO;
				PRODUCT_BUNDLE_IDENTIFIER = "com.evrisevr.Squat-CounterTests";
				PRODUCT_NAME = "$(TARGET_NAME)";
				SWIFT_EMIT_LOC_STRINGS = NO;
				SWIFT_VERSION = 5.0;
				TARGETED_DEVICE_FAMILY = "1,2";
				TEST_HOST = "$(BUILT_PRODUCTS_DIR)/Squat Counter.app/$(BUNDLE_EXECUTABLE_FOLDER_PATH)/Squat Counter";
			};
			name = Debug;
		};
		849C2CAC2A59C85B00FD039B /* Release */ = {
			isa = XCBuildConfiguration;
			baseConfigurationReference = 2818F1E23ABEB9F06EBC88F9 /* Pods-Squat CounterTests.release.xcconfig */;
			buildSettings = {
				ALWAYS_EMBED_SWIFT_STANDARD_LIBRARIES = YES;
				BUNDLE_LOADER = "$(TEST_HOST)";
				CODE_SIGN_STYLE = Automatic;
				CURRENT_PROJECT_VERSION = 1;
				DEVELOPMENT_TEAM = B8JM9B93DS;
				"EXCLUDED_ARCHS[sdk=iphonesimulator*]" = "";
				GENERATE_INFOPLIST_FILE = YES;
				IPHONEOS_DEPLOYMENT_TARGET = 16.2;
				MARKETING_VERSION = 1.0;
				PRODUCT_BUNDLE_IDENTIFIER = "com.evrisevr.Squat-CounterTests";
				PRODUCT_NAME = "$(TARGET_NAME)";
				SWIFT_EMIT_LOC_STRINGS = NO;
				SWIFT_VERSION = 5.0;
				TARGETED_DEVICE_FAMILY = "1,2";
				TEST_HOST = "$(BUILT_PRODUCTS_DIR)/Squat Counter.app/$(BUNDLE_EXECUTABLE_FOLDER_PATH)/Squat Counter";
			};
			name = Release;
		};
		849C2CAE2A59C85B00FD039B /* Debug */ = {
			isa = XCBuildConfiguration;
			baseConfigurationReference = DA79B76FB48C026C05005549 /* Pods-Squat Counter-Squat CounterUITests.debug.xcconfig */;
			buildSettings = {
				ALWAYS_EMBED_SWIFT_STANDARD_LIBRARIES = "$(inherited)";
				CODE_SIGN_STYLE = Automatic;
				CURRENT_PROJECT_VERSION = 1;
				DEVELOPMENT_TEAM = B8JM9B93DS;
				"EXCLUDED_ARCHS[sdk=iphonesimulator*]" = "";
				GENERATE_INFOPLIST_FILE = YES;
				MARKETING_VERSION = 1.0;
				ONLY_ACTIVE_ARCH = NO;
				PRODUCT_BUNDLE_IDENTIFIER = "com.evrisevr.Squat-CounterUITests";
				PRODUCT_NAME = "$(TARGET_NAME)";
				SWIFT_EMIT_LOC_STRINGS = NO;
				SWIFT_VERSION = 5.0;
				TARGETED_DEVICE_FAMILY = "1,2";
				TEST_TARGET_NAME = "Squat Counter";
			};
			name = Debug;
		};
		849C2CAF2A59C85B00FD039B /* Release */ = {
			isa = XCBuildConfiguration;
			baseConfigurationReference = 5CCEF2E6DCBF1F2490D1F4FA /* Pods-Squat Counter-Squat CounterUITests.release.xcconfig */;
			buildSettings = {
				ALWAYS_EMBED_SWIFT_STANDARD_LIBRARIES = "$(inherited)";
				CODE_SIGN_STYLE = Automatic;
				CURRENT_PROJECT_VERSION = 1;
				DEVELOPMENT_TEAM = B8JM9B93DS;
				"EXCLUDED_ARCHS[sdk=iphonesimulator*]" = "";
				GENERATE_INFOPLIST_FILE = YES;
				MARKETING_VERSION = 1.0;
				PRODUCT_BUNDLE_IDENTIFIER = "com.evrisevr.Squat-CounterUITests";
				PRODUCT_NAME = "$(TARGET_NAME)";
				SWIFT_EMIT_LOC_STRINGS = NO;
				SWIFT_VERSION = 5.0;
				TARGETED_DEVICE_FAMILY = "1,2";
				TEST_TARGET_NAME = "Squat Counter";
			};
			name = Release;
		};
/* End XCBuildConfiguration section */

/* Begin XCConfigurationList section */
		849C2C782A59C85A00FD039B /* Build configuration list for PBXProject "Squat Counter" */ = {
			isa = XCConfigurationList;
			buildConfigurations = (
				849C2CA52A59C85B00FD039B /* Debug */,
				849C2CA62A59C85B00FD039B /* Release */,
			);
			defaultConfigurationIsVisible = 0;
			defaultConfigurationName = Release;
		};
		849C2CA72A59C85B00FD039B /* Build configuration list for PBXNativeTarget "Squat Counter" */ = {
			isa = XCConfigurationList;
			buildConfigurations = (
				849C2CA82A59C85B00FD039B /* Debug */,
				849C2CA92A59C85B00FD039B /* Release */,
			);
			defaultConfigurationIsVisible = 0;
			defaultConfigurationName = Release;
		};
		849C2CAA2A59C85B00FD039B /* Build configuration list for PBXNativeTarget "Squat CounterTests" */ = {
			isa = XCConfigurationList;
			buildConfigurations = (
				849C2CAB2A59C85B00FD039B /* Debug */,
				849C2CAC2A59C85B00FD039B /* Release */,
			);
			defaultConfigurationIsVisible = 0;
			defaultConfigurationName = Release;
		};
		849C2CAD2A59C85B00FD039B /* Build configuration list for PBXNativeTarget "Squat CounterUITests" */ = {
			isa = XCConfigurationList;
			buildConfigurations = (
				849C2CAE2A59C85B00FD039B /* Debug */,
				849C2CAF2A59C85B00FD039B /* Release */,
			);
			defaultConfigurationIsVisible = 0;
			defaultConfigurationName = Release;
		};
/* End XCConfigurationList section */

/* Begin XCRemoteSwiftPackageReference section */
		8440C0192A6AEC940068308E /* XCRemoteSwiftPackageReference "realm-swift" */ = {
			isa = XCRemoteSwiftPackageReference;
			repositoryURL = "https://github.com/realm/realm-swift.git";
			requirement = {
				kind = upToNextMajorVersion;
				minimumVersion = 10.41.1;
			};
		};
		84E7B35C2A7161C000A77DD7 /* XCRemoteSwiftPackageReference "HorizonCalendar" */ = {
			isa = XCRemoteSwiftPackageReference;
			repositoryURL = "https://github.com/airbnb/HorizonCalendar.git";
			requirement = {
				kind = upToNextMajorVersion;
				minimumVersion = 1.0.0;
			};
		};
/* End XCRemoteSwiftPackageReference section */

/* Begin XCSwiftPackageProductDependency section */
		8440C01A2A6AEC940068308E /* Realm */ = {
			isa = XCSwiftPackageProductDependency;
			package = 8440C0192A6AEC940068308E /* XCRemoteSwiftPackageReference "realm-swift" */;
			productName = Realm;
		};
		8440C01C2A6AEC940068308E /* RealmSwift */ = {
			isa = XCSwiftPackageProductDependency;
			package = 8440C0192A6AEC940068308E /* XCRemoteSwiftPackageReference "realm-swift" */;
			productName = RealmSwift;
		};
		84E7B35D2A7161C000A77DD7 /* HorizonCalendar */ = {
			isa = XCSwiftPackageProductDependency;
			package = 84E7B35C2A7161C000A77DD7 /* XCRemoteSwiftPackageReference "HorizonCalendar" */;
			productName = HorizonCalendar;
		};
/* End XCSwiftPackageProductDependency section */
	};
	rootObject = 849C2C752A59C85A00FD039B /* Project object */;
}
